
Microsoft Visual Studio Solution File, Format Version 12.00
# Visual Studio Version 17
VisualStudioVersion = 17.14.36930.0
MinimumVisualStudioVersion = 10.0.40219.1
Project("{FAE04EC0-301F-11D3-BF4B-00C04F79EFBC}") = "EmployeePortal", "EmployeePortal.csproj", "{3E7F300A-F0D5-40B2-9346-8B9CC5F1F08C}"
EndProject
Global
	GlobalSection(SolutionConfigurationPlatforms) = preSolution
		Debug|Any CPU = Debug|Any CPU
		Release|Any CPU = Release|Any CPU
	EndGlobalSection
	GlobalSection(ProjectConfigurationPlatforms) = postSolution
		{3E7F300A-F0D5-40B2-9346-8B9CC5F1F08C}.Debug|Any CPU.ActiveCfg = Debug|Any CPU
		{3E7F300A-F0D5-40B2-9346-8B9CC5F1F08C}.Debug|Any CPU.Build.0 = Debug|Any CPU
		{3E7F300A-F0D5-40B2-9346-8B9CC5F1F08C}.Release|Any CPU.ActiveCfg = Release|Any CPU
		{3E7F300A-F0D5-40B2-9346-8B9CC5F1F08C}.Release|Any CPU.Build.0 = Release|Any CPU
	EndGlobalSection
	GlobalSection(SolutionProperties) = preSolution
		HideSolutionNode = FALSE
	EndGlobalSection
	GlobalSection(ExtensibilityGlobals) = postSolution
		SolutionGuid = {2271925D-FB83-44C8-BDCF-C7579963F9D5}
	EndGlobalSection
EndGlobal
